Microsoft Visual Studio Solution File, Format Version 12.00
# Visual Studio 2012
Project("{FAE04EC0-301F-11D3-BF4B-00C04F79EFBC}") = "Godot Projects", "Godot Projects.csproj", "{CAFBD328-7228-400B-8360-B2AF7BCADD61}"
EndProject
Global
	GlobalSection(SolutionConfigurationPlatforms) = preSolution
	Debug|Any CPU = Debug|Any CPU
	ExportDebug|Any CPU = ExportDebug|Any CPU
	ExportRelease|Any CPU = ExportRelease|Any CPU
	EndGlobalSection
	GlobalSection(ProjectConfigurationPlatforms) = postSolution
		{CAFBD328-7228-400B-8360-B2AF7BCADD61}.Debug|Any CPU.ActiveCfg = Debug|Any CPU
		{CAFBD328-7228-400B-8360-B2AF7BCADD61}.Debug|Any CPU.Build.0 = Debug|Any CPU
		{CAFBD328-7228-400B-8360-B2AF7BCADD61}.ExportDebug|Any CPU.ActiveCfg = ExportDebug|Any CPU
		{CAFBD328-7228-400B-8360-B2AF7BCADD61}.ExportDebug|Any CPU.Build.0 = ExportDebug|Any CPU
		{CAFBD328-7228-400B-8360-B2AF7BCADD61}.ExportRelease|Any CPU.ActiveCfg = ExportRelease|Any CPU
		{CAFBD328-7228-400B-8360-B2AF7BCADD61}.ExportRelease|Any CPU.Build.0 = ExportRelease|Any CPU
	EndGlobalSection
EndGlobal
